{
  "name": "multitenant-security-agent-claude-reviewer-runtime",
  "version": "1.0.0",
  "lockfileVersion": 3,
  "requires": true,
  "packages": {
    "": {
      "name": "multitenant-security-agent-claude-reviewer-runtime",
      "version": "1.0.0",
      "dependencies": {
        "@anthropic-ai/claude-code": "2.1.278"
      }
    },
    "node_modules/@anthropic-ai/claude-code": {
      "version": "2.1.278",
      "resolved": "https://registry.npmjs.org/@anthropic-ai/claude-code/-/claude-code-2.1.278.tgz",
      "integrity": "sha512-mfNRqC0GaEXqmP97NiwJBeYBmRuqe2VzgLUreUUaEhyJxJWx2Z6ClW1tBOncGNNXdhj6EY4LPvUIWP+oq311CA==",
      "hasInstallScript": true,
      "license": "SEE LICENSE IN README.md",
      "bin": {
        "claude": "bin/claude.exe"
      },
      "engines": {
        "node": ">=22.0.0"
      },
      "optionalDependencies": {
        "@anthropic-ai/claude-code-darwin-arm64": "2.1.278",
        "@anthropic-ai/claude-code-darwin-x64": "2.1.278",
        "@anthropic-ai/claude-code-linux-arm64": "2.1.278",
        "@anthropic-ai/claude-code-linux-arm64-musl": "2.1.278",
        "@anthropic-ai/claude-code-linux-x64": "2.1.278",
        "@anthropic-ai/claude-code-linux-x64-musl": "2.1.278",
        "@anthropic-ai/claude-code-win32-arm64": "2.1.278",
        "@anthropic-ai/claude-code-win32-x64": "2.1.278"
      }
    },
    "node_modules/@anthropic-ai/claude-code-darwin-arm64": {
      "version": "2.1.278",
      "resolved": "https://registry.npmjs.org/@anthropic-ai/claude-code-darwin-arm64/-/claude-code-darwin-arm64-2.1.278.tgz",
      "integrity": "sha512-Jgl//CpT1KR1N8uxAN0CmkFu3eESU7GYzPOwdGH1pCENysJqYgo2LwsIrTol+EequNMrTG3kkrNW9mIoS8eWLg==",
      "cpu": [
        "arm64"
      ],
      "license": "SEE LICENSE IN LICENSE.md",
      "optional": true,
      "os": [
        "darwin"
      ]
    },
    "node_modules/@anthropic-ai/claude-code-darwin-x64": {
      "version": "2.1.278",
      "resolved": "https://registry.npmjs.org/@anthropic-ai/claude-code-darwin-x64/-/claude-code-darwin-x64-2.1.278.tgz",
      "integrity": "sha512-8ohVNWkdN3wE0P4yFnM7cm7Xd20kbXAHxu+rvqeBNeN8rKyZyPDUx06Zl/7/i9pfR8q9lZMY7kKA3dRxNNxvvg==",
      "cpu": [
        "x64"
      ],
      "license": "SEE LICENSE IN LICENSE.md",
      "optional": true,
      "os": [
        "darwin"
      ]
    },
    "node_modules/@anthropic-ai/claude-code-linux-arm64": {
      "version": "2.1.278",
      "resolved": "https://registry.npmjs.org/@anthropic-ai/claude-code-linux-arm64/-/claude-code-linux-arm64-2.1.278.tgz",
      "integrity": "sha512-QAsHwRVX03nXgAA7pTdvZSLguegbAAPuLG1vY09YHhkukqD6FlkSDwYqK9XFh4up8rFjK7qrzXtokuNULP0nEg==",
      "cpu": [
        "arm64"
      ],
      "libc": [
        "glibc"
      ],
      "license": "SEE LICENSE IN LICENSE.md",
      "optional": true,
      "os": [
        "linux"
      ]
    },
    "node_modules/@anthropic-ai/claude-code-linux-arm64-musl": {
      "version": "2.1.278",
      "resolved": "https://registry.npmjs.org/@anthropic-ai/claude-code-linux-arm64-musl/-/claude-code-linux-arm64-musl-2.1.278.tgz",
      "integrity": "sha512-fsroa4Z+4KCQACEYTVRYtnDbJYp3NLLVi53AUHRKKVYNhei92+rQdBxvGB81+ET4BUgfOlkwRt3+fnh7ndP9zg==",
      "cpu": [
        "arm64"
      ],
      "libc": [
        "musl"
      ],
      "license": "SEE LICENSE IN LICENSE.md",
      "optional": true,
      "os": [
        "linux"
      ]
    },
    "node_modules/@anthropic-ai/claude-code-linux-x64": {
      "version": "2.1.278",
      "resolved": "https://registry.npmjs.org/@anthropic-ai/claude-code-linux-x64/-/claude-code-linux-x64-2.1.278.tgz",
      "integrity": "sha512-q3r+5aLGAet1MGMkCH2xPsuIW9A40ws4zftURxhYwDenheCKvXc7Gr1jBwvEhYG8uQwgY3YsfNwnvIsh1Bjmeg==",
      "cpu": [
        "x64"
      ],
      "libc": [
        "glibc"
      ],
      "license": "SEE LICENSE IN LICENSE.md",
      "optional": true,
      "os": [
        "linux"
      ]
    },
    "node_modules/@anthropic-ai/claude-code-linux-x64-musl": {
      "version": "2.1.278",
      "resolved": "https://registry.npmjs.org/@anthropic-ai/claude-code-linux-x64-musl/-/claude-code-linux-x64-musl-2.1.278.tgz",
      "integrity": "sha512-fUYSGjtRFWBsxObXd75PaEl+hUsxHdZsWuDEh4WYgyFs9ljiNuPE/PgHh9y/lrysnH0K8HQmMs3mpFvw34KyzA==",
      "cpu": [
        "x64"
      ],
      "libc": [
        "musl"
      ],
      "license": "SEE LICENSE IN LICENSE.md",
      "optional": true,
      "os": [
        "linux"
      ]
    },
    "node_modules/@anthropic-ai/claude-code-win32-arm64": {
      "version": "2.1.278",
      "resolved": "https://registry.npmjs.org/@anthropic-ai/claude-code-win32-arm64/-/claude-code-win32-arm64-2.1.278.tgz",
      "integrity": "sha512-SQf1ZDCenMPc0730RaZsIR8n15x0kdYiwGsL5QBSIcFjxRpT5gnonf5rZ55aeaO9g2g/ZU2CT99RgqMxy5y0Hg==",
      "cpu": [
        "arm64"
      ],
      "license": "SEE LICENSE IN LICENSE.md",
      "optional": true,
      "os": [
        "win32"
      ]
    },
    "node_modules/@anthropic-ai/claude-code-win32-x64": {
      "version": "2.1.278",
      "resolved": "https://registry.npmjs.org/@anthropic-ai/claude-code-win32-x64/-/claude-code-win32-x64-2.1.278.tgz",
      "integrity": "sha512-8gwotnfAqgtuayi0m/Ajy5k+fochciv9Erdn7iqaCHM321cz5nOnJy0yCCkk4DsT0nG7kq67dOPXE9N4jdPz7Q==",
      "cpu": [
        "x64"
      ],
      "license": "SEE LICENSE IN LICENSE.md",
      "optional": true,
      "os": [
        "win32"
      ]
    }
  }
}
